
Microsoft Visual Studio Solution File, Format Version 12.00
# Visual Studio Version 17
VisualStudioVersion = 17.4.33403.182
MinimumVisualStudioVersion = 10.0.40219.1
Project("{FAE04EC0-301F-11D3-BF4B-00C04F79EFBC}") = "practical_exam", "practical_exam.csproj", "{E073779A-B76C-4641-8614-B239DC424BD1}"
EndProject
Global
	GlobalSection(SolutionConfigurationPlatforms) = preSolution
		Debug|Any CPU = Debug|Any CPU
		Release|Any CPU = Release|Any CPU
	EndGlobalSection
	GlobalSection(ProjectConfigurationPlatforms) = postSolution
		{E073779A-B76C-4641-8614-B239DC424BD1}.Debug|Any CPU.ActiveCfg = Debug|Any CPU
		{E073779A-B76C-4641-8614-B239DC424BD1}.Debug|Any CPU.Build.0 = Debug|Any CPU
		{E073779A-B76C-4641-8614-B239DC424BD1}.Release|Any CPU.ActiveCfg = Release|Any CPU
		{E073779A-B76C-4641-8614-B239DC424BD1}.Release|Any CPU.Build.0 = Release|Any CPU
	EndGlobalSection
	GlobalSection(SolutionProperties) = preSolution
		HideSolutionNode = FALSE
	EndGlobalSection
	GlobalSection(ExtensibilityGlobals) = postSolution
		SolutionGuid = {B2245CDA-776B-4EFA-BB5B-DEA9C30C2255}
	EndGlobalSection
EndGlobal
